
Microsoft Visual Studio Solution File, Format Version 12.00
# Visual Studio Version 16
VisualStudioVersion = 16.0.30225.117
MinimumVisualStudioVersion = 10.0.40219.1
Project("{FAE04EC0-301F-11D3-BF4B-00C04F79EFBC}") = "EX2B", "EX2B\EX2B.csproj", "{5CE8C323-CE4E-4736-AB16-8DEE9392AB21}"
EndProject
Global
	GlobalSection(SolutionConfigurationPlatforms) = preSolution
		Debug|Any CPU = Debug|Any CPU
		Release|Any CPU = Release|Any CPU
	EndGlobalSection
	GlobalSection(ProjectConfigurationPlatforms) = postSolution
		{5CE8C323-CE4E-4736-AB16-8DEE9392AB21}.Debug|Any CPU.ActiveCfg = Debug|Any CPU
		{5CE8C323-CE4E-4736-AB16-8DEE9392AB21}.Debug|Any CPU.Build.0 = Debug|Any CPU
		{5CE8C323-CE4E-4736-AB16-8DEE9392AB21}.Release|Any CPU.ActiveCfg = Release|Any CPU
		{5CE8C323-CE4E-4736-AB16-8DEE9392AB21}.Release|Any CPU.Build.0 = Release|Any CPU
	EndGlobalSection
	GlobalSection(SolutionProperties) = preSolution
		HideSolutionNode = FALSE
	EndGlobalSection
	GlobalSection(ExtensibilityGlobals) = postSolution
		SolutionGuid = {594F73C6-45DB-40F6-B820-CFD155BBF7E3}
	EndGlobalSection
EndGlobal
