
Microsoft Visual Studio Solution File, Format Version 12.00
# Visual Studio Version 16
VisualStudioVersion = 16.0.30225.117
MinimumVisualStudioVersion = 10.0.40219.1
Project("{FAE04EC0-301F-11D3-BF4B-00C04F79EFBC}") = "MonteCarlo", "MonteCarlo\MonteCarlo.csproj", "{C501FB28-D275-406E-83DA-762A1B97086C}"
EndProject
Global
	GlobalSection(SolutionConfigurationPlatforms) = preSolution
		Debug|Any CPU = Debug|Any CPU
		Release|Any CPU = Release|Any CPU
	EndGlobalSection
	GlobalSection(ProjectConfigurationPlatforms) = postSolution
		{C501FB28-D275-406E-83DA-762A1B97086C}.Debug|Any CPU.ActiveCfg = Debug|Any CPU
		{C501FB28-D275-406E-83DA-762A1B97086C}.Debug|Any CPU.Build.0 = Debug|Any CPU
		{C501FB28-D275-406E-83DA-762A1B97086C}.Release|Any CPU.ActiveCfg = Release|Any CPU
		{C501FB28-D275-406E-83DA-762A1B97086C}.Release|Any CPU.Build.0 = Release|Any CPU
	EndGlobalSection
	GlobalSection(SolutionProperties) = preSolution
		HideSolutionNode = FALSE
	EndGlobalSection
	GlobalSection(ExtensibilityGlobals) = postSolution
		SolutionGuid = {7F778ADB-C672-44FC-BE09-190719710E37}
	EndGlobalSection
EndGlobal
