
Microsoft Visual Studio Solution File, Format Version 12.00
# Visual Studio Version 16
VisualStudioVersion = 16.0.30413.136
MinimumVisualStudioVersion = 10.0.40219.1
Project("{FAE04EC0-301F-11D3-BF4B-00C04F79EFBC}") = "ProjectLibrary.Model", "ProjectLibrary.Model\ProjectLibrary.Model.csproj", "{204DB969-BEFB-4DE8-8904-4EB9A3FB4803}"
EndProject
Global
	GlobalSection(SolutionConfigurationPlatforms) = preSolution
		Debug|Any CPU = Debug|Any CPU
		Release|Any CPU = Release|Any CPU
	EndGlobalSection
	GlobalSection(ProjectConfigurationPlatforms) = postSolution
		{204DB969-BEFB-4DE8-8904-4EB9A3FB4803}.Debug|Any CPU.ActiveCfg = Debug|Any CPU
		{204DB969-BEFB-4DE8-8904-4EB9A3FB4803}.Debug|Any CPU.Build.0 = Debug|Any CPU
		{204DB969-BEFB-4DE8-8904-4EB9A3FB4803}.Release|Any CPU.ActiveCfg = Release|Any CPU
		{204DB969-BEFB-4DE8-8904-4EB9A3FB4803}.Release|Any CPU.Build.0 = Release|Any CPU
	EndGlobalSection
	GlobalSection(SolutionProperties) = preSolution
		HideSolutionNode = FALSE
	EndGlobalSection
	GlobalSection(ExtensibilityGlobals) = postSolution
		SolutionGuid = {6723DAAE-79E9-4FF6-8D1E-5BF2B8B141E0}
	EndGlobalSection
EndGlobal
